// !$*UTF8*$!
{
	archiveVersion = 1;
	classes = {
	};
	objectVersion = 77;
	objects = {

/* Begin PBXBuildFile section */
		76CDAF3C2D68B8D400D548D3 /* Swinject in Frameworks */ = {isa = PBXBuildFile; productRef = 76CDAF3B2D68B8D400D548D3 /* Swinject */; };
/* End PBXBuildFile section */

/* Begin PBXContainerItemProxy section */
		76CDAEFD2D68B52D00D548D3 /* PBXContainerItemProxy */ = {
			isa = PBXContainerItemProxy;
			containerPortal = 76CDAEE42D68B52B00D548D3 /* Project object */;
			proxyType = 1;
			remoteGlobalIDString = 76CDAEEB2D68B52B00D548D3;
			remoteInfo = exampleBookExplorer;
		};
		76CDAF072D68B52D00D548D3 /* PBXContainerItemProxy */ = {
			isa = PBXContainerItemProxy;
			containerPortal = 76CDAEE42D68B52B00D548D3 /* Project object */;
			proxyType = 1;
			remoteGlobalIDString = 76CDAEEB2D68B52B00D548D3;
			remoteInfo = exampleBookExplorer;
		};
/* End PBXContainerItemProxy section */

/* Begin PBXFileReference section */
		76CDAEEC2D68B52B00D548D3 /* exampleBookExplorer.app */ = {isa = PBXFileReference; explicitFileType = wrapper.application; includeInIndex = 0; path = exampleBookExplorer.app; sourceTree = BUILT_PRODUCTS_DIR; };
		76CDAEFC2D68B52D00D548D3 /* exampleBookExplorerTests.xctest */ = {isa = PBXFileReference; explicitFileType = wrapper.cfbundle; includeInIndex = 0; path = exampleBookExplorerTests.xctest; sourceTree = BUILT_PRODUCTS_DIR; };
		76CDAF062D68B52D00D548D3 /* exampleBookExplorerUITests.xctest */ = {isa = PBXFileReference; explicitFileType = wrapper.cfbundle; includeInIndex = 0; path = exampleBookExplorerUITests.xctest; sourceTree = BUILT_PRODUCTS_DIR; };
/* End PBXFileReference section */

/* Begin PBXFileSystemSynchronizedBuildFileExceptionSet section */
		7626F25C2D6C6EB300305543 /* Exceptions for "exampleBookExplorer" folder in "exampleBookExplorerTests" target */ = {
			isa = PBXFileSystemSynchronizedBuildFileExceptionSet;
			membershipExceptions = (
				Resources/Localizable.xcstrings,
				Sources/Core/Network/HTTPClient.swift,
				Sources/Core/Protocols/DTO.swift,
				Sources/Data/Volume/DataSource/VolumeDataSource.swift,
				Sources/Data/Volume/DataSource/VolumeDataSourceMock.swift,
				Sources/Data/Volume/DataSource/VolumeDataSourceRemote.swift,
				Sources/Data/Volume/DTO/VolumeDTO.swift,
				"Sources/Data/Volume/DTO/VolumeDTO+TestData.swift",
				Sources/Data/Volume/DTO/VolumesResponseDTO.swift,
				Sources/Domain/Book/Entity/Book.swift,
				Sources/Domain/Book/UseCase/BookUseCase.swift,
				Sources/Presentation/Book/BookCellImage.swift,
				Sources/Presentation/Book/BookCellView.swift,
				Sources/Presentation/Book/BookDetailView.swift,
				Sources/Presentation/Book/BookListView.swift,
				"Sources/Presentation/Book/BookListView+ViewModel.swift",
			);
			target = 76CDAEFB2D68B52D00D548D3 /* exampleBookExplorerTests */;
		};
		7626F25D2D6C6EB300305543 /* Exceptions for "exampleBookExplorer" folder in "exampleBookExplorerUITests" target */ = {
			isa = PBXFileSystemSynchronizedBuildFileExceptionSet;
			membershipExceptions = (
				Resources/Localizable.xcstrings,
				Sources/Core/Network/HTTPClient.swift,
				Sources/Core/Protocols/DTO.swift,
				Sources/Data/Volume/DataSource/VolumeDataSource.swift,
				Sources/Data/Volume/DataSource/VolumeDataSourceMock.swift,
				Sources/Data/Volume/DataSource/VolumeDataSourceRemote.swift,
				Sources/Data/Volume/DTO/VolumeDTO.swift,
				"Sources/Data/Volume/DTO/VolumeDTO+TestData.swift",
				Sources/Data/Volume/DTO/VolumesResponseDTO.swift,
				Sources/Domain/Book/Entity/Book.swift,
				Sources/Domain/Book/UseCase/BookUseCase.swift,
				Sources/Presentation/Book/BookCellImage.swift,
				Sources/Presentation/Book/BookCellView.swift,
				Sources/Presentation/Book/BookDetailView.swift,
				Sources/Presentation/Book/BookListView.swift,
				"Sources/Presentation/Book/BookListView+ViewModel.swift",
			);
			target = 76CDAF052D68B52D00D548D3 /* exampleBookExplorerUITests */;
		};
		7626F31F2D6C774700305543 /* Exceptions for "exampleBookExplorer" folder in "exampleBookExplorer" target */ = {
			isa = PBXFileSystemSynchronizedBuildFileExceptionSet;
			membershipExceptions = (
				Info.plist,
			);
			target = 76CDAEEB2D68B52B00D548D3 /* exampleBookExplorer */;
		};
/* End PBXFileSystemSynchronizedBuildFileExceptionSet section */

/* Begin PBXFileSystemSynchronizedRootGroup section */
		76CDAEEE2D68B52B00D548D3 /* exampleBookExplorer */ = {
			isa = PBXFileSystemSynchronizedRootGroup;
			exceptions = (
				7626F31F2D6C774700305543 /* Exceptions for "exampleBookExplorer" folder in "exampleBookExplorer" target */,
				7626F25C2D6C6EB300305543 /* Exceptions for "exampleBookExplorer" folder in "exampleBookExplorerTests" target */,
				7626F25D2D6C6EB300305543 /* Exceptions for "exampleBookExplorer" folder in "exampleBookExplorerUITests" target */,
			);
			path = exampleBookExplorer;
			sourceTree = "<group>";
		};
		76CDAEFF2D68B52D00D548D3 /* exampleBookExplorerTests */ = {
			isa = PBXFileSystemSynchronizedRootGroup;
			path = exampleBookExplorerTests;
			sourceTree = "<group>";
		};
		76CDAF092D68B52D00D548D3 /* exampleBookExplorerUITests */ = {
			isa = PBXFileSystemSynchronizedRootGroup;
			path = exampleBookExplorerUITests;
			sourceTree = "<group>";
		};
/* End PBXFileSystemSynchronizedRootGroup section */

/* Begin PBXFrameworksBuildPhase section */
		76CDAEE92D68B52B00D548D3 /* Frameworks */ = {
			isa = PBXFrameworksBuildPhase;
			buildActionMask = 2147483647;
			files = (
				76CDAF3C2D68B8D400D548D3 /* Swinject in Frameworks */,
			);
			runOnlyForDeploymentPostprocessing = 0;
		};
		76CDAEF92D68B52D00D548D3 /* Frameworks */ = {
			isa = PBXFrameworksBuildPhase;
			buildActionMask = 2147483647;
			files = (
			);
			runOnlyForDeploymentPostprocessing = 0;
		};
		76CDAF032D68B52D00D548D3 /* Frameworks */ = {
			isa = PBXFrameworksBuildPhase;
			buildActionMask = 2147483647;
			files = (
			);
			runOnlyForDeploymentPostprocessing = 0;
		};
/* End PBXFrameworksBuildPhase section */

/* Begin PBXGroup section */
		76CDAEE32D68B52B00D548D3 = {
			isa = PBXGroup;
			children = (
				76CDAEEE2D68B52B00D548D3 /* exampleBookExplorer */,
				76CDAEFF2D68B52D00D548D3 /* exampleBookExplorerTests */,
				76CDAF092D68B52D00D548D3 /* exampleBookExplorerUITests */,
				76CDAEED2D68B52B00D548D3 /* Products */,
			);
			sourceTree = "<group>";
		};
		76CDAEED2D68B52B00D548D3 /* Products */ = {
			isa = PBXGroup;
			children = (
				76CDAEEC2D68B52B00D548D3 /* exampleBookExplorer.app */,
				76CDAEFC2D68B52D00D548D3 /* exampleBookExplorerTests.xctest */,
				76CDAF062D68B52D00D548D3 /* exampleBookExplorerUITests.xctest */,
			);
			name = Products;
			sourceTree = "<group>";
		};
/* End PBXGroup section */

/* Begin PBXNativeTarget section */
		76CDAEEB2D68B52B00D548D3 /* exampleBookExplorer */ = {
			isa = PBXNativeTarget;
			buildConfigurationList = 76CDAF102D68B52D00D548D3 /* Build configuration list for PBXNativeTarget "exampleBookExplorer" */;
			buildPhases = (
				76CDAEE82D68B52B00D548D3 /* Sources */,
				76CDAEE92D68B52B00D548D3 /* Frameworks */,
				76CDAEEA2D68B52B00D548D3 /* Resources */,
			);
			buildRules = (
			);
			dependencies = (
			);
			fileSystemSynchronizedGroups = (
				76CDAEEE2D68B52B00D548D3 /* exampleBookExplorer */,
			);
			name = exampleBookExplorer;
			packageProductDependencies = (
				76CDAF3B2D68B8D400D548D3 /* Swinject */,
			);
			productName = exampleBookExplorer;
			productReference = 76CDAEEC2D68B52B00D548D3 /* exampleBookExplorer.app */;
			productType = "com.apple.product-type.application";
		};
		76CDAEFB2D68B52D00D548D3 /* exampleBookExplorerTests */ = {
			isa = PBXNativeTarget;
			buildConfigurationList = 76CDAF132D68B52D00D548D3 /* Build configuration list for PBXNativeTarget "exampleBookExplorerTests" */;
			buildPhases = (
				76CDAEF82D68B52D00D548D3 /* Sources */,
				76CDAEF92D68B52D00D548D3 /* Frameworks */,
				76CDAEFA2D68B52D00D548D3 /* Resources */,
			);
			buildRules = (
			);
			dependencies = (
				76CDAEFE2D68B52D00D548D3 /* PBXTargetDependency */,
			);
			fileSystemSynchronizedGroups = (
				76CDAEFF2D68B52D00D548D3 /* exampleBookExplorerTests */,
			);
			name = exampleBookExplorerTests;
			packageProductDependencies = (
			);
			productName = exampleBookExplorerTests;
			productReference = 76CDAEFC2D68B52D00D548D3 /* exampleBookExplorerTests.xctest */;
			productType = "com.apple.product-type.bundle.unit-test";
		};
		76CDAF052D68B52D00D548D3 /* exampleBookExplorerUITests */ = {
			isa = PBXNativeTarget;
			buildConfigurationList = 76CDAF162D68B52D00D548D3 /* Build configuration list for PBXNativeTarget "exampleBookExplorerUITests" */;
			buildPhases = (
				76CDAF022D68B52D00D548D3 /* Sources */,
				76CDAF032D68B52D00D548D3 /* Frameworks */,
				76CDAF042D68B52D00D548D3 /* Resources */,
			);
			buildRules = (
			);
			dependencies = (
				76CDAF082D68B52D00D548D3 /* PBXTargetDependency */,
			);
			fileSystemSynchronizedGroups = (
				76CDAF092D68B52D00D548D3 /* exampleBookExplorerUITests */,
			);
			name = exampleBookExplorerUITests;
			packageProductDependencies = (
			);
			productName = exampleBookExplorerUITests;
			productReference = 76CDAF062D68B52D00D548D3 /* exampleBookExplorerUITests.xctest */;
			productType = "com.apple.product-type.bundle.ui-testing";
		};
/* End PBXNativeTarget section */

/* Begin PBXProject section */
		76CDAEE42D68B52B00D548D3 /* Project object */ = {
			isa = PBXProject;
			attributes = {
				BuildIndependentTargetsInParallel = 1;
				LastSwiftUpdateCheck = 1610;
				LastUpgradeCheck = 1610;
				TargetAttributes = {
					76CDAEEB2D68B52B00D548D3 = {
						CreatedOnToolsVersion = 16.1;
					};
					76CDAEFB2D68B52D00D548D3 = {
						CreatedOnToolsVersion = 16.1;
						TestTargetID = 76CDAEEB2D68B52B00D548D3;
					};
					76CDAF052D68B52D00D548D3 = {
						CreatedOnToolsVersion = 16.1;
						TestTargetID = 76CDAEEB2D68B52B00D548D3;
					};
				};
			};
			buildConfigurationList = 76CDAEE72D68B52B00D548D3 /* Build configuration list for PBXProject "exampleBookExplorer" */;
			developmentRegion = en;
			hasScannedForEncodings = 0;
			knownRegions = (
				en,
				Base,
				cs,
			);
			mainGroup = 76CDAEE32D68B52B00D548D3;
			minimizedProjectReferenceProxies = 1;
			packageReferences = (
				76CDAF3A2D68B8D400D548D3 /* XCRemoteSwiftPackageReference "Swinject" */,
			);
			preferredProjectObjectVersion = 77;
			productRefGroup = 76CDAEED2D68B52B00D548D3 /* Products */;
			projectDirPath = "";
			projectRoot = "";
			targets = (
				76CDAEEB2D68B52B00D548D3 /* exampleBookExplorer */,
				76CDAEFB2D68B52D00D548D3 /* exampleBookExplorerTests */,
				76CDAF052D68B52D00D548D3 /* exampleBookExplorerUITests */,
			);
		};
/* End PBXProject section */

/* Begin PBXResourcesBuildPhase section */
		76CDAEEA2D68B52B00D548D3 /* Resources */ = {
			isa = PBXResourcesBuildPhase;
			buildActionMask = 2147483647;
			files = (
			);
			runOnlyForDeploymentPostprocessing = 0;
		};
		76CDAEFA2D68B52D00D548D3 /* Resources */ = {
			isa = PBXResourcesBuildPhase;
			buildActionMask = 2147483647;
			files = (
			);
			runOnlyForDeploymentPostprocessing = 0;
		};
		76CDAF042D68B52D00D548D3 /* Resources */ = {
			isa = PBXResourcesBuildPhase;
			buildActionMask = 2147483647;
			files = (
			);
			runOnlyForDeploymentPostprocessing = 0;
		};
/* End PBXResourcesBuildPhase section */

/* Begin PBXSourcesBuildPhase section */
		76CDAEE82D68B52B00D548D3 /* Sources */ = {
			isa = PBXSourcesBuildPhase;
			buildActionMask = 2147483647;
			files = (
			);
			runOnlyForDeploymentPostprocessing = 0;
		};
		76CDAEF82D68B52D00D548D3 /* Sources */ = {
			isa = PBXSourcesBuildPhase;
			buildActionMask = 2147483647;
			files = (
			);
			runOnlyForDeploymentPostprocessing = 0;
		};
		76CDAF022D68B52D00D548D3 /* Sources */ = {
			isa = PBXSourcesBuildPhase;
			buildActionMask = 2147483647;
			files = (
			);
			runOnlyForDeploymentPostprocessing = 0;
		};
/* End PBXSourcesBuildPhase section */

/* Begin PBXTargetDependency section */
		76CDAEFE2D68B52D00D548D3 /* PBXTargetDependency */ = {
			isa = PBXTargetDependency;
			target = 76CDAEEB2D68B52B00D548D3 /* exampleBookExplorer */;
			targetProxy = 76CDAEFD2D68B52D00D548D3 /* PBXContainerItemProxy */;
		};
		76CDAF082D68B52D00D548D3 /* PBXTargetDependency */ = {
			isa = PBXTargetDependency;
			target = 76CDAEEB2D68B52B00D548D3 /* exampleBookExplorer */;
			targetProxy = 76CDAF072D68B52D00D548D3 /* PBXContainerItemProxy */;
		};
/* End PBXTargetDependency section */

/* Begin XCBuildConfiguration section */
		76CDAF0E2D68B52D00D548D3 /* Debug */ = {
			isa = XCBuildConfiguration;
			baseConfigurationReferenceAnchor = 76CDAEEE2D68B52B00D548D3 /* exampleBookExplorer */;
			baseConfigurationReferenceRelativePath = Sources/App/Configuration/Config.xcconfig;
			buildSettings = {
				ALWAYS_SEARCH_USER_PATHS = NO;
				ASSETCATALOG_COMPILER_GENERATE_SWIFT_ASSET_SYMBOL_EXTENSIONS = YES;
				CLANG_ANALYZER_NONNULL = YES;
				CLANG_ANALYZER_NUMBER_OBJECT_CONVERSION = YES_AGGRESSIVE;
				CLANG_CXX_LANGUAGE_STANDARD = "gnu++20";
				CLANG_ENABLE_MODULES = YES;
				CLANG_ENABLE_OBJC_ARC = YES;
				CLANG_ENABLE_OBJC_WEAK = YES;
				CLANG_WARN_BLOCK_CAPTURE_AUTORELEASING = YES;
				CLANG_WARN_BOOL_CONVERSION = YES;
				CLANG_WARN_COMMA = YES;
				CLANG_WARN_CONSTANT_CONVERSION = YES;
				CLANG_WARN_DEPRECATED_OBJC_IMPLEMENTATIONS = YES;
				CLANG_WARN_DIRECT_OBJC_ISA_USAGE = YES_ERROR;
				CLANG_WARN_DOCUMENTATION_COMMENTS = YES;
				CLANG_WARN_EMPTY_BODY = YES;
				CLANG_WARN_ENUM_CONVERSION = YES;
				CLANG_WARN_INFINITE_RECURSION = YES;
				CLANG_WARN_INT_CONVERSION = YES;
				CLANG_WARN_NON_LITERAL_NULL_CONVERSION = YES;
				CLANG_WARN_OBJC_IMPLICIT_RETAIN_SELF = YES;
				CLANG_WARN_OBJC_LITERAL_CONVERSION = YES;
				CLANG_WARN_OBJC_ROOT_CLASS = YES_ERROR;
				CLANG_WARN_QUOTED_INCLUDE_IN_FRAMEWORK_HEADER = YES;
				CLANG_WARN_RANGE_LOOP_ANALYSIS = YES;
				CLANG_WARN_STRICT_PROTOTYPES = YES;
				CLANG_WARN_SUSPICIOUS_MOVE = YES;
				CLANG_WARN_UNGUARDED_AVAILABILITY = YES_AGGRESSIVE;
				CLANG_WARN_UNREACHABLE_CODE = YES;
				CLANG_WARN__DUPLICATE_METHOD_MATCH = YES;
				COPY_PHASE_STRIP = NO;
				DEBUG_INFORMATION_FORMAT = dwarf;
				ENABLE_STRICT_OBJC_MSGSEND = YES;
				ENABLE_TESTABILITY = YES;
				ENABLE_USER_SCRIPT_SANDBOXING = YES;
				GCC_C_LANGUAGE_STANDARD = gnu17;
				GCC_DYNAMIC_NO_PIC = NO;
				GCC_NO_COMMON_BLOCKS = YES;
				GCC_OPTIMIZATION_LEVEL = 0;
				GCC_PREPROCESSOR_DEFINITIONS = (
					"DEBUG=1",
					"$(inherited)",
				);
				GCC_WARN_64_TO_32_BIT_CONVERSION = YES;
				GCC_WARN_ABOUT_RETURN_TYPE = YES_ERROR;
				GCC_WARN_UNDECLARED_SELECTOR = YES;
				GCC_WARN_UNINITIALIZED_AUTOS = YES_AGGRESSIVE;
				GCC_WARN_UNUSED_FUNCTION = YES;
				GCC_WARN_UNUSED_VARIABLE = YES;
				IPHONEOS_DEPLOYMENT_TARGET = 18.1;
				LOCALIZATION_PREFERS_STRING_CATALOGS = YES;
				MTL_ENABLE_DEBUG_INFO = INCLUDE_SOURCE;
				MTL_FAST_MATH = YES;
				ONLY_ACTIVE_ARCH = YES;
				SDKROOT = iphoneos;
				SWIFT_ACTIVE_COMPILATION_CONDITIONS = "DEBUG $(inherited)";
				SWIFT_EMIT_LOC_STRINGS = YES;
				SWIFT_OPTIMIZATION_LEVEL = "-Onone";
			};
			name = Debug;
		};
		76CDAF0F2D68B52D00D548D3 /* Release */ = {
			isa = XCBuildConfiguration;
			baseConfigurationReferenceAnchor = 76CDAEEE2D68B52B00D548D3 /* exampleBookExplorer */;
			baseConfigurationReferenceRelativePath = Sources/App/Configuration/Config.xcconfig;
			buildSettings = {
				ALWAYS_SEARCH_USER_PATHS = NO;
				ASSETCATALOG_COMPILER_GENERATE_SWIFT_ASSET_SYMBOL_EXTENSIONS = YES;
				CLANG_ANALYZER_NONNULL = YES;
				CLANG_ANALYZER_NUMBER_OBJECT_CONVERSION = YES_AGGRESSIVE;
				CLANG_CXX_LANGUAGE_STANDARD = "gnu++20";
				CLANG_ENABLE_MODULES = YES;
				CLANG_ENABLE_OBJC_ARC = YES;
				CLANG_ENABLE_OBJC_WEAK = YES;
				CLANG_WARN_BLOCK_CAPTURE_AUTORELEASING = YES;
				CLANG_WARN_BOOL_CONVERSION = YES;
				CLANG_WARN_COMMA = YES;
				CLANG_WARN_CONSTANT_CONVERSION = YES;
				CLANG_WARN_DEPRECATED_OBJC_IMPLEMENTATIONS = YES;
				CLANG_WARN_DIRECT_OBJC_ISA_USAGE = YES_ERROR;
				CLANG_WARN_DOCUMENTATION_COMMENTS = YES;
				CLANG_WARN_EMPTY_BODY = YES;
				CLANG_WARN_ENUM_CONVERSION = YES;
				CLANG_WARN_INFINITE_RECURSION = YES;
				CLANG_WARN_INT_CONVERSION = YES;
				CLANG_WARN_NON_LITERAL_NULL_CONVERSION = YES;
				CLANG_WARN_OBJC_IMPLICIT_RETAIN_SELF = YES;
				CLANG_WARN_OBJC_LITERAL_CONVERSION = YES;
				CLANG_WARN_OBJC_ROOT_CLASS = YES_ERROR;
				CLANG_WARN_QUOTED_INCLUDE_IN_FRAMEWORK_HEADER = YES;
				CLANG_WARN_RANGE_LOOP_ANALYSIS = YES;
				CLANG_WARN_STRICT_PROTOTYPES = YES;
				CLANG_WARN_SUSPICIOUS_MOVE = YES;
				CLANG_WARN_UNGUARDED_AVAILABILITY = YES_AGGRESSIVE;
				CLANG_WARN_UNREACHABLE_CODE = YES;
				CLANG_WARN__DUPLICATE_METHOD_MATCH = YES;
				COPY_PHASE_STRIP = NO;
				DEBUG_INFORMATION_FORMAT = "dwarf-with-dsym";
				ENABLE_NS_ASSERTIONS = NO;
				ENABLE_STRICT_OBJC_MSGSEND = YES;
				ENABLE_USER_SCRIPT_SANDBOXING = YES;
				GCC_C_LANGUAGE_STANDARD = gnu17;
				GCC_NO_COMMON_BLOCKS = YES;
				GCC_WARN_64_TO_32_BIT_CONVERSION = YES;
				GCC_WARN_ABOUT_RETURN_TYPE = YES_ERROR;
				GCC_WARN_UNDECLARED_SELECTOR = YES;
				GCC_WARN_UNINITIALIZED_AUTOS = YES_AGGRESSIVE;
				GCC_WARN_UNUSED_FUNCTION = YES;
				GCC_WARN_UNUSED_VARIABLE = YES;
				IPHONEOS_DEPLOYMENT_TARGET = 18.1;
				LOCALIZATION_PREFERS_STRING_CATALOGS = YES;
				MTL_ENABLE_DEBUG_INFO = NO;
				MTL_FAST_MATH = YES;
				SDKROOT = iphoneos;
				SWIFT_COMPILATION_MODE = wholemodule;
				SWIFT_EMIT_LOC_STRINGS = YES;
				VALIDATE_PRODUCT = YES;
			};
			name = Release;
		};
		76CDAF112D68B52D00D548D3 /* Debug */ = {
			isa = XCBuildConfiguration;
			buildSettings = {
				ASSETCATALOG_COMPILER_APPICON_NAME = AppIcon;
				ASSETCATALOG_COMPILER_GLOBAL_ACCENT_COLOR_NAME = AccentColor;
				CODE_SIGN_STYLE = Automatic;
				CURRENT_PROJECT_VERSION = 1;
				DEVELOPMENT_ASSET_PATHS = "\"exampleBookExplorer/Preview Content\"";
				DEVELOPMENT_TEAM = C7CWQ952KF;
				ENABLE_PREVIEWS = YES;
				GENERATE_INFOPLIST_FILE = YES;
				INFOPLIST_FILE = exampleBookExplorer/Info.plist;
				INFOPLIST_KEY_CFBundleDisplayName = "Book Explorer";
				INFOPLIST_KEY_LSApplicationCategoryType = "public.app-category.books";
				INFOPLIST_KEY_UIApplicationSceneManifest_Generation = YES;
				INFOPLIST_KEY_UIApplicationSupportsIndirectInputEvents = YES;
				INFOPLIST_KEY_UILaunchScreen_Generation = YES;
				INFOPLIST_KEY_UISupportedInterfaceOrientations_iPad = "UIInterfaceOrientationPortrait UIInterfaceOrientationPortraitUpsideDown UIInterfaceOrientationLandscapeLeft UIInterfaceOrientationLandscapeRight";
				INFOPLIST_KEY_UISupportedInterfaceOrientations_iPhone = "UIInterfaceOrientationPortrait UIInterfaceOrientationLandscapeLeft UIInterfaceOrientationLandscapeRight";
				LD_RUNPATH_SEARCH_PATHS = (
					"$(inherited)",
					"@executable_path/Frameworks",
				);
				MARKETING_VERSION = 1.0;
				PRODUCT_BUNDLE_IDENTIFIER = cz.gabzdyldaniel.exampleBookExplorer;
				PRODUCT_NAME = "$(TARGET_NAME)";
				SWIFT_EMIT_LOC_STRINGS = YES;
				SWIFT_VERSION = 5.0;
				TARGETED_DEVICE_FAMILY = "1,2";
			};
			name = Debug;
		};
		76CDAF122D68B52D00D548D3 /* Release */ = {
			isa = XCBuildConfiguration;
			buildSettings = {
				ASSETCATALOG_COMPILER_APPICON_NAME = AppIcon;
				ASSETCATALOG_COMPILER_GLOBAL_ACCENT_COLOR_NAME = AccentColor;
				CODE_SIGN_STYLE = Automatic;
				CURRENT_PROJECT_VERSION = 1;
				DEVELOPMENT_ASSET_PATHS = "\"exampleBookExplorer/Preview Content\"";
				DEVELOPMENT_TEAM = C7CWQ952KF;
				ENABLE_PREVIEWS = YES;
				GENERATE_INFOPLIST_FILE = YES;
				INFOPLIST_FILE = exampleBookExplorer/Info.plist;
				INFOPLIST_KEY_CFBundleDisplayName = "Book Explorer";
				INFOPLIST_KEY_LSApplicationCategoryType = "public.app-category.books";
				INFOPLIST_KEY_UIApplicationSceneManifest_Generation = YES;
				INFOPLIST_KEY_UIApplicationSupportsIndirectInputEvents = YES;
				INFOPLIST_KEY_UILaunchScreen_Generation = YES;
				INFOPLIST_KEY_UISupportedInterfaceOrientations_iPad = "UIInterfaceOrientationPortrait UIInterfaceOrientationPortraitUpsideDown UIInterfaceOrientationLandscapeLeft UIInterfaceOrientationLandscapeRight";
				INFOPLIST_KEY_UISupportedInterfaceOrientations_iPhone = "UIInterfaceOrientationPortrait UIInterfaceOrientationLandscapeLeft UIInterfaceOrientationLandscapeRight";
				LD_RUNPATH_SEARCH_PATHS = (
					"$(inherited)",
					"@executable_path/Frameworks",
				);
				MARKETING_VERSION = 1.0;
				PRODUCT_BUNDLE_IDENTIFIER = cz.gabzdyldaniel.exampleBookExplorer;
				PRODUCT_NAME = "$(TARGET_NAME)";
				SWIFT_EMIT_LOC_STRINGS = YES;
				SWIFT_VERSION = 5.0;
				TARGETED_DEVICE_FAMILY = "1,2";
			};
			name = Release;
		};
		76CDAF142D68B52D00D548D3 /* Debug */ = {
			isa = XCBuildConfiguration;
			buildSettings = {
				BUNDLE_LOADER = "$(TEST_HOST)";
				CODE_SIGN_STYLE = Automatic;
				CURRENT_PROJECT_VERSION = 1;
				DEVELOPMENT_TEAM = C7CWQ952KF;
				GENERATE_INFOPLIST_FILE = YES;
				IPHONEOS_DEPLOYMENT_TARGET = 18.1;
				MARKETING_VERSION = 1.0;
				PRODUCT_BUNDLE_IDENTIFIER = cz.gabzdyldaniel.exampleBookExplorerTests;
				PRODUCT_NAME = "$(TARGET_NAME)";
				SWIFT_EMIT_LOC_STRINGS = NO;
				SWIFT_VERSION = 5.0;
				TARGETED_DEVICE_FAMILY = "1,2";
				TEST_HOST = "$(BUILT_PRODUCTS_DIR)/exampleBookExplorer.app/$(BUNDLE_EXECUTABLE_FOLDER_PATH)/exampleBookExplorer";
			};
			name = Debug;
		};
		76CDAF152D68B52D00D548D3 /* Release */ = {
			isa = XCBuildConfiguration;
			buildSettings = {
				BUNDLE_LOADER = "$(TEST_HOST)";
				CODE_SIGN_STYLE = Automatic;
				CURRENT_PROJECT_VERSION = 1;
				DEVELOPMENT_TEAM = C7CWQ952KF;
				GENERATE_INFOPLIST_FILE = YES;
				IPHONEOS_DEPLOYMENT_TARGET = 18.1;
				MARKETING_VERSION = 1.0;
				PRODUCT_BUNDLE_IDENTIFIER = cz.gabzdyldaniel.exampleBookExplorerTests;
				PRODUCT_NAME = "$(TARGET_NAME)";
				SWIFT_EMIT_LOC_STRINGS = NO;
				SWIFT_VERSION = 5.0;
				TARGETED_DEVICE_FAMILY = "1,2";
				TEST_HOST = "$(BUILT_PRODUCTS_DIR)/exampleBookExplorer.app/$(BUNDLE_EXECUTABLE_FOLDER_PATH)/exampleBookExplorer";
			};
			name = Release;
		};
		76CDAF172D68B52D00D548D3 /* Debug */ = {
			isa = XCBuildConfiguration;
			buildSettings = {
				CODE_SIGN_STYLE = Automatic;
				CURRENT_PROJECT_VERSION = 1;
				DEVELOPMENT_TEAM = C7CWQ952KF;
				GENERATE_INFOPLIST_FILE = YES;
				MARKETING_VERSION = 1.0;
				PRODUCT_BUNDLE_IDENTIFIER = cz.gabzdyldaniel.exampleBookExplorerUITests;
				PRODUCT_NAME = "$(TARGET_NAME)";
				SWIFT_EMIT_LOC_STRINGS = NO;
				SWIFT_VERSION = 5.0;
				TARGETED_DEVICE_FAMILY = "1,2";
				TEST_TARGET_NAME = exampleBookExplorer;
			};
			name = Debug;
		};
		76CDAF182D68B52D00D548D3 /* Release */ = {
			isa = XCBuildConfiguration;
			buildSettings = {
				CODE_SIGN_STYLE = Automatic;
				CURRENT_PROJECT_VERSION = 1;
				DEVELOPMENT_TEAM = C7CWQ952KF;
				GENERATE_INFOPLIST_FILE = YES;
				MARKETING_VERSION = 1.0;
				PRODUCT_BUNDLE_IDENTIFIER = cz.gabzdyldaniel.exampleBookExplorerUITests;
				PRODUCT_NAME = "$(TARGET_NAME)";
				SWIFT_EMIT_LOC_STRINGS = NO;
				SWIFT_VERSION = 5.0;
				TARGETED_DEVICE_FAMILY = "1,2";
				TEST_TARGET_NAME = exampleBookExplorer;
			};
			name = Release;
		};
/* End XCBuildConfiguration section */

/* Begin XCConfigurationList section */
		76CDAEE72D68B52B00D548D3 /* Build configuration list for PBXProject "exampleBookExplorer" */ = {
			isa = XCConfigurationList;
			buildConfigurations = (
				76CDAF0E2D68B52D00D548D3 /* Debug */,
				76CDAF0F2D68B52D00D548D3 /* Release */,
			);
			defaultConfigurationIsVisible = 0;
			defaultConfigurationName = Release;
		};
		76CDAF102D68B52D00D548D3 /* Build configuration list for PBXNativeTarget "exampleBookExplorer" */ = {
			isa = XCConfigurationList;
			buildConfigurations = (
				76CDAF112D68B52D00D548D3 /* Debug */,
				76CDAF122D68B52D00D548D3 /* Release */,
			);
			defaultConfigurationIsVisible = 0;
			defaultConfigurationName = Release;
		};
		76CDAF132D68B52D00D548D3 /* Build configuration list for PBXNativeTarget "exampleBookExplorerTests" */ = {
			isa = XCConfigurationList;
			buildConfigurations = (
				76CDAF142D68B52D00D548D3 /* Debug */,
				76CDAF152D68B52D00D548D3 /* Release */,
			);
			defaultConfigurationIsVisible = 0;
			defaultConfigurationName = Release;
		};
		76CDAF162D68B52D00D548D3 /* Build configuration list for PBXNativeTarget "exampleBookExplorerUITests" */ = {
			isa = XCConfigurationList;
			buildConfigurations = (
				76CDAF172D68B52D00D548D3 /* Debug */,
				76CDAF182D68B52D00D548D3 /* Release */,
			);
			defaultConfigurationIsVisible = 0;
			defaultConfigurationName = Release;
		};
/* End XCConfigurationList section */

/* Begin XCRemoteSwiftPackageReference section */
		76CDAF3A2D68B8D400D548D3 /* XCRemoteSwiftPackageReference "Swinject" */ = {
			isa = XCRemoteSwiftPackageReference;
			repositoryURL = "https://github.com/Swinject/Swinject";
			requirement = {
				kind = upToNextMajorVersion;
				minimumVersion = 2.9.1;
			};
		};
/* End XCRemoteSwiftPackageReference section */

/* Begin XCSwiftPackageProductDependency section */
		76CDAF3B2D68B8D400D548D3 /* Swinject */ = {
			isa = XCSwiftPackageProductDependency;
			package = 76CDAF3A2D68B8D400D548D3 /* XCRemoteSwiftPackageReference "Swinject" */;
			productName = Swinject;
		};
/* End XCSwiftPackageProductDependency section */
	};
	rootObject = 76CDAEE42D68B52B00D548D3 /* Project object */;
}
